
Microsoft Visual Studio Solution File, Format Version 11.00
# Visual Studio 2010
Project("{F184B08F-C81C-45F6-A57F-5ABD9991F28F}") = "Blackbaud.CustomFx.Address.Catalog", "Blackbaud.CustomFx.Address.Catalog\Blackbaud.CustomFx.Address.Catalog.vbproj", "{D7D667E6-CD99-441F-82B0-82DEFBF46C00}"
EndProject
Global
	GlobalSection(SolutionConfigurationPlatforms) = preSolution
		Debug|Any CPU = Debug|Any CPU
		Debug|Mixed Platforms = Debug|Mixed Platforms
		Debug|x86 = Debug|x86
		Release|Any CPU = Release|Any CPU
		Release|Mixed Platforms = Release|Mixed Platforms
		Release|x86 = Release|x86
	EndGlobalSection
	GlobalSection(ProjectConfigurationPlatforms) = postSolution
		{D7D667E6-CD99-441F-82B0-82DEFBF46C00}.Debug|Any CPU.ActiveCfg = Debug|Any CPU
		{D7D667E6-CD99-441F-82B0-82DEFBF46C00}.Debug|Any CPU.Build.0 = Debug|Any CPU
		{D7D667E6-CD99-441F-82B0-82DEFBF46C00}.Debug|Mixed Platforms.ActiveCfg = Debug|Any CPU
		{D7D667E6-CD99-441F-82B0-82DEFBF46C00}.Debug|Mixed Platforms.Build.0 = Debug|Any CPU
		{D7D667E6-CD99-441F-82B0-82DEFBF46C00}.Debug|x86.ActiveCfg = Debug|Any CPU
		{D7D667E6-CD99-441F-82B0-82DEFBF46C00}.Release|Any CPU.ActiveCfg = Release|Any CPU
		{D7D667E6-CD99-441F-82B0-82DEFBF46C00}.Release|Any CPU.Build.0 = Release|Any CPU
		{D7D667E6-CD99-441F-82B0-82DEFBF46C00}.Release|Mixed Platforms.ActiveCfg = Release|Any CPU
		{D7D667E6-CD99-441F-82B0-82DEFBF46C00}.Release|Mixed Platforms.Build.0 = Release|Any CPU
		{D7D667E6-CD99-441F-82B0-82DEFBF46C00}.Release|x86.ActiveCfg = Release|Any CPU
	EndGlobalSection
	GlobalSection(SolutionProperties) = preSolution
		HideSolutionNode = FALSE
	EndGlobalSection
EndGlobal
